{
  "requires": true,
  "lockfileVersion": 1,
  "dependencies": {
    "amdefine": {
      "version": "1.0.1",
      "resolved": "https://registry.npmjs.org/amdefine/-/amdefine-1.0.1.tgz",
      "integrity": "sha1-SlKCrBZHKek2Gbz9OtFR+BfOkfU="
    },
    "animation": {
      "version": "0.1.3",
      "resolved": "https://registry.npmjs.org/animation/-/animation-0.1.3.tgz",
      "integrity": "sha1-Eyvf3gF0ZLDap9+hOO7AYIdw5F4=",
      "requires": {
        "ms": ">= 0.1.0",
        "request-animation-frame": ">= 0.1.0"
      }
    },
    "async": {
      "version": "0.2.10",
      "resolved": "https://registry.npmjs.org/async/-/async-0.2.10.tgz",
      "integrity": "sha1-trvgsGdLnXGXCMo43owjfLUmw9E="
    },
    "http": {
      "version": "0.0.1-security",
      "resolved": "https://registry.npmjs.org/http/-/http-0.0.1-security.tgz",
      "integrity": "sha512-RnDvP10Ty9FxqOtPZuxtebw1j4L/WiqNMDtuc1YMH1XQm5TgDRaR1G9u8upL6KD1bXHSp9eSXo/ED+8Q7FAr+g=="
    },
    "isarray": {
      "version": "0.0.1",
      "resolved": "https://registry.npmjs.org/isarray/-/isarray-0.0.1.tgz",
      "integrity": "sha1-ihis/Kmo9Bd+Cav8YDiTmwXR7t8="
    },
    "ms": {
      "version": "2.1.2",
      "resolved": "https://registry.npmjs.org/ms/-/ms-2.1.2.tgz",
      "integrity": "sha512-sGkPx+VjMtmA6MX27oA4FBFELFCZZ4S4XqeGOXCv68tT+jb3vk/RyaKWP0PTKyWtmLSM0b+adUTEvbs1PEaH2w=="
    },
    "optimist": {
      "version": "0.3.7",
      "resolved": "https://registry.npmjs.org/optimist/-/optimist-0.3.7.tgz",
      "integrity": "sha1-yQlBrVnkJzMokjB00s8ufLxuwNk=",
      "requires": {
        "wordwrap": "~0.0.2"
      }
    },
    "page": {
      "version": "1.11.6",
      "resolved": "https://registry.npmjs.org/page/-/page-1.11.6.tgz",
      "integrity": "sha512-P6e2JfzkBrPeFCIPplLP7vDDiU84RUUZMrWdsH4ZBGJ8OosnwFkcUkBHp1DTIjuipLliw9yQn/ZJsXZvarsO+g==",
      "requires": {
        "path-to-regexp": "~1.2.1"
      }
    },
    "path-to-regexp": {
      "version": "1.2.1",
      "resolved": "https://registry.npmjs.org/path-to-regexp/-/path-to-regexp-1.2.1.tgz",
      "integrity": "sha1-szcFwUAjTYc8hyHHuf2LVB7Tr/k=",
      "requires": {
        "isarray": "0.0.1"
      }
    },
    "punycode": {
      "version": "1.3.2",
      "resolved": "https://registry.npmjs.org/punycode/-/punycode-1.3.2.tgz",
      "integrity": "sha1-llOgNvt8HuQjQvIyXM7v6jkmxI0="
    },
    "querystring": {
      "version": "0.2.0",
      "resolved": "https://registry.npmjs.org/querystring/-/querystring-0.2.0.tgz",
      "integrity": "sha1-sgmEkgO7Jd+CDadW50cAWHhSFiA="
    },
    "request-animation-frame": {
      "version": "0.1.1",
      "resolved": "https://registry.npmjs.org/request-animation-frame/-/request-animation-frame-0.1.1.tgz",
      "integrity": "sha1-pw4e3xX8anIXu/Hwot2p16qD0mY="
    },
    "require": {
      "version": "2.4.20",
      "resolved": "https://registry.npmjs.org/require/-/require-2.4.20.tgz",
      "integrity": "sha1-Zstrqqu2XeinHXk/XGX9GE83mLY=",
      "requires": {
        "std": "0.1.40",
        "uglify-js": "2.3.0"
      }
    },
    "source-map": {
      "version": "0.1.43",
      "resolved": "https://registry.npmjs.org/source-map/-/source-map-0.1.43.tgz",
      "integrity": "sha1-wkvBRspRfBRx9drL4lcbK3+eM0Y=",
      "requires": {
        "amdefine": ">=0.0.4"
      }
    },
    "std": {
      "version": "0.1.40",
      "resolved": "https://registry.npmjs.org/std/-/std-0.1.40.tgz",
      "integrity": "sha1-Nnil9lCU2eG2teJu2/wCErg0K3E="
    },
    "uglify-js": {
      "version": "2.3.0",
      "resolved": "https://registry.npmjs.org/uglify-js/-/uglify-js-2.3.0.tgz",
      "integrity": "sha1-LN7BbTeKiituz7aYl4TPi3rlSR8=",
      "requires": {
        "async": "~0.2.6",
        "optimist": "~0.3.5",
        "source-map": "~0.1.7"
      }
    },
    "url": {
      "version": "0.11.0",
      "resolved": "https://registry.npmjs.org/url/-/url-0.11.0.tgz",
      "integrity": "sha1-ODjpfPxgUh63PFJajlW/3Z4uKPE=",
      "requires": {
        "punycode": "1.3.2",
        "querystring": "0.2.0"
      }
    },
    "vue-route": {
      "version": "1.5.1",
      "resolved": "https://registry.npmjs.org/vue-route/-/vue-route-1.5.1.tgz",
      "integrity": "sha1-1k0T8gmIQ4k29g09K/GHykSK19M=",
      "requires": {
        "page": "^1.5.0"
      }
    },
    "vue-router": {
      "version": "3.3.4",
      "resolved": "https://registry.npmjs.org/vue-router/-/vue-router-3.3.4.tgz",
      "integrity": "sha512-SdKRBeoXUjaZ9R/8AyxsdTqkOfMcI5tWxPZOUX5Ie1BTL5rPSZ0O++pbiZCeYeythiZIdLEfkDiQPKIaWk5hDg=="
    },
    "wordwrap": {
      "version": "0.0.3",
      "resolved": "https://registry.npmjs.org/wordwrap/-/wordwrap-0.0.3.tgz",
      "integrity": "sha1-o9XabNXAvAAI03I0u68b7WMFkQc="
    }
  }
}
